
Microsoft Visual Studio Solution File, Format Version 12.00
# Visual Studio Version 16
VisualStudioVersion = 16.0.31005.135
MinimumVisualStudioVersion = 10.0.40219.1
Project("{FAE04EC0-301F-11D3-BF4B-00C04F79EFBC}") = "MyDictionary", "MyDictionary\MyDictionary.csproj", "{68DF92E2-1DD2-4A1F-951A-882C3B5CE8BB}"
EndProject
Global
	GlobalSection(SolutionConfigurationPlatforms) = preSolution
		Debug|Any CPU = Debug|Any CPU
		Release|Any CPU = Release|Any CPU
	EndGlobalSection
	GlobalSection(ProjectConfigurationPlatforms) = postSolution
		{68DF92E2-1DD2-4A1F-951A-882C3B5CE8BB}.Debug|Any CPU.ActiveCfg = Debug|Any CPU
		{68DF92E2-1DD2-4A1F-951A-882C3B5CE8BB}.Debug|Any CPU.Build.0 = Debug|Any CPU
		{68DF92E2-1DD2-4A1F-951A-882C3B5CE8BB}.Release|Any CPU.ActiveCfg = Release|Any CPU
		{68DF92E2-1DD2-4A1F-951A-882C3B5CE8BB}.Release|Any CPU.Build.0 = Release|Any CPU
	EndGlobalSection
	GlobalSection(SolutionProperties) = preSolution
		HideSolutionNode = FALSE
	EndGlobalSection
	GlobalSection(ExtensibilityGlobals) = postSolution
		SolutionGuid = {F4CBB4E9-C3D9-44BF-9F2F-7BD3FA0999C0}
	EndGlobalSection
EndGlobal
